// !$*UTF8*$!
{
	archiveVersion = 1;
	classes = {
	};
	objectVersion = 46;
	objects = {

/* Begin PBXBuildFile section */
		5626CC3A180FDDC9009049E1 /* InfoDemoViewController.m in Sources */ = {isa = PBXBuildFile; fileRef = 5626CC39180FDDC9009049E1 /* InfoDemoViewController.m */; };
		568ADE6819594F2700BD6BA1 /* App.m in Sources */ = {isa = PBXBuildFile; fileRef = 568ADDFB19594F2600BD6BA1 /* App.m */; };
		568ADE6919594F2700BD6BA1 /* CalUtil.m in Sources */ = {isa = PBXBuildFile; fileRef = 568ADDFD19594F2600BD6BA1 /* CalUtil.m */; };
		568ADE6A19594F2700BD6BA1 /* Crypto.m in Sources */ = {isa = PBXBuildFile; fileRef = 568ADDFF19594F2600BD6BA1 /* Crypto.m */; };
		568ADE6C19594F2700BD6BA1 /* DateTimeUtil.m in Sources */ = {isa = PBXBuildFile; fileRef = 568ADE0319594F2600BD6BA1 /* DateTimeUtil.m */; };
		568ADE6E19594F2700BD6BA1 /* HashUtil.m in Sources */ = {isa = PBXBuildFile; fileRef = 568ADE0719594F2600BD6BA1 /* HashUtil.m */; };
		568ADE6F19594F2700BD6BA1 /* ImgUtil.m in Sources */ = {isa = PBXBuildFile; fileRef = 568ADE0919594F2600BD6BA1 /* ImgUtil.m */; };
		568ADE7019594F2700BD6BA1 /* NSData+Base64.m in Sources */ = {isa = PBXBuildFile; fileRef = 568ADE0B19594F2600BD6BA1 /* NSData+Base64.m */; };
		568ADE7119594F2700BD6BA1 /* NSData+CommonCrypto.m in Sources */ = {isa = PBXBuildFile; fileRef = 568ADE0D19594F2600BD6BA1 /* NSData+CommonCrypto.m */; };
		568ADE7219594F2700BD6BA1 /* NSData+NSData_Conversion.m in Sources */ = {isa = PBXBuildFile; fileRef = 568ADE0F19594F2600BD6BA1 /* NSData+NSData_Conversion.m */; };
		568ADE7319594F2700BD6BA1 /* NSString+Base64.m in Sources */ = {isa = PBXBuildFile; fileRef = 568ADE1119594F2600BD6BA1 /* NSString+Base64.m */; };
		568ADE7619594F2700BD6BA1 /* UIImage-Extensions.m in Sources */ = {isa = PBXBuildFile; fileRef = 568ADE1719594F2600BD6BA1 /* UIImage-Extensions.m */; };
		568ADE7719594F2700BD6BA1 /* Validator.m in Sources */ = {isa = PBXBuildFile; fileRef = 568ADE1919594F2600BD6BA1 /* Validator.m */; };
		568ADE7E19594F2700BD6BA1 /* InfoInputText.m in Sources */ = {isa = PBXBuildFile; fileRef = 568ADE2919594F2600BD6BA1 /* InfoInputText.m */; };
		568ADE8019594F2700BD6BA1 /* InfoTextH.m in Sources */ = {isa = PBXBuildFile; fileRef = 568ADE2D19594F2600BD6BA1 /* InfoTextH.m */; };
		568ADE8119594F2700BD6BA1 /* InfoTextV.m in Sources */ = {isa = PBXBuildFile; fileRef = 568ADE2F19594F2600BD6BA1 /* InfoTextV.m */; };
		568ADE8719594F2700BD6BA1 /* SuperUIButton.m in Sources */ = {isa = PBXBuildFile; fileRef = 568ADE3B19594F2700BD6BA1 /* SuperUIButton.m */; };
		568ADE8819594F2700BD6BA1 /* SuperUIImageView.m in Sources */ = {isa = PBXBuildFile; fileRef = 568ADE3D19594F2700BD6BA1 /* SuperUIImageView.m */; };
		568ADE8919594F2700BD6BA1 /* SuperUILabel.m in Sources */ = {isa = PBXBuildFile; fileRef = 568ADE3F19594F2700BD6BA1 /* SuperUILabel.m */; };
		568ADE8A19594F2700BD6BA1 /* SuperUITextField.m in Sources */ = {isa = PBXBuildFile; fileRef = 568ADE4119594F2700BD6BA1 /* SuperUITextField.m */; };
		568ADE8B19594F2700BD6BA1 /* UIImage+HaxegonMasking.m in Sources */ = {isa = PBXBuildFile; fileRef = 568ADE4319594F2700BD6BA1 /* UIImage+HaxegonMasking.m */; };
		568ADE8C19594F2700BD6BA1 /* UIView+FrameUtil.m in Sources */ = {isa = PBXBuildFile; fileRef = 568ADE4519594F2700BD6BA1 /* UIView+FrameUtil.m */; };
		568ADE8D19594F2700BD6BA1 /* BaseXMLHandler.m in Sources */ = {isa = PBXBuildFile; fileRef = 568ADE4819594F2700BD6BA1 /* BaseXMLHandler.m */; };
		568ADE8E19594F2700BD6BA1 /* SimpleXMLHandler.m in Sources */ = {isa = PBXBuildFile; fileRef = 568ADE4A19594F2700BD6BA1 /* SimpleXMLHandler.m */; };
		56A317E41803DC6B00E45773 /* Foundation.framework in Frameworks */ = {isa = PBXBuildFile; fileRef = 56A317E31803DC6B00E45773 /* Foundation.framework */; };
		56A317E61803DC6B00E45773 /* CoreGraphics.framework in Frameworks */ = {isa = PBXBuildFile; fileRef = 56A317E51803DC6B00E45773 /* CoreGraphics.framework */; };
		56A317E81803DC6B00E45773 /* UIKit.framework in Frameworks */ = {isa = PBXBuildFile; fileRef = 56A317E71803DC6B00E45773 /* UIKit.framework */; };
		56A317EE1803DC6B00E45773 /* InfoPlist.strings in Resources */ = {isa = PBXBuildFile; fileRef = 56A317EC1803DC6B00E45773 /* InfoPlist.strings */; };
		56A317F01803DC6B00E45773 /* main.m in Sources */ = {isa = PBXBuildFile; fileRef = 56A317EF1803DC6B00E45773 /* main.m */; };
		56A317F41803DC6B00E45773 /* AppDelegate.m in Sources */ = {isa = PBXBuildFile; fileRef = 56A317F31803DC6B00E45773 /* AppDelegate.m */; };
		56A317F71803DC6B00E45773 /* Main_iPhone.storyboard in Resources */ = {isa = PBXBuildFile; fileRef = 56A317F51803DC6B00E45773 /* Main_iPhone.storyboard */; };
		56A317FD1803DC6B00E45773 /* ViewController.m in Sources */ = {isa = PBXBuildFile; fileRef = 56A317FC1803DC6B00E45773 /* ViewController.m */; };
		56A317FF1803DC6C00E45773 /* Images.xcassets in Resources */ = {isa = PBXBuildFile; fileRef = 56A317FE1803DC6C00E45773 /* Images.xcassets */; };
		56C45D551A03DC70007E5E98 /* InfoVerticalScrollView.m in Sources */ = {isa = PBXBuildFile; fileRef = 56C45D541A03DC70007E5E98 /* InfoVerticalScrollView.m */; };
/* End PBXBuildFile section */

/* Begin PBXFileReference section */
		5626CC38180FDDC9009049E1 /* InfoDemoViewController.h */ = {isa = PBXFileReference; fileEncoding = 4; lastKnownFileType = sourcecode.c.h; path = InfoDemoViewController.h; sourceTree = "<group>"; };
		5626CC39180FDDC9009049E1 /* InfoDemoViewController.m */ = {isa = PBXFileReference; fileEncoding = 4; lastKnownFileType = sourcecode.c.objc; path = InfoDemoViewController.m; sourceTree = "<group>"; };
		568ADDFA19594F2600BD6BA1 /* App.h */ = {isa = PBXFileReference; fileEncoding = 4; lastKnownFileType = sourcecode.c.h; path = App.h; sourceTree = "<group>"; };
		568ADDFB19594F2600BD6BA1 /* App.m */ = {isa = PBXFileReference; fileEncoding = 4; lastKnownFileType = sourcecode.c.objc; path = App.m; sourceTree = "<group>"; };
		568ADDFC19594F2600BD6BA1 /* CalUtil.h */ = {isa = PBXFileReference; fileEncoding = 4; lastKnownFileType = sourcecode.c.h; path = CalUtil.h; sourceTree = "<group>"; };
		568ADDFD19594F2600BD6BA1 /* CalUtil.m */ = {isa = PBXFileReference; fileEncoding = 4; lastKnownFileType = sourcecode.c.objc; path = CalUtil.m; sourceTree = "<group>"; };
		568ADDFE19594F2600BD6BA1 /* Crypto.h */ = {isa = PBXFileReference; fileEncoding = 4; lastKnownFileType = sourcecode.c.h; path = Crypto.h; sourceTree = "<group>"; };
		568ADDFF19594F2600BD6BA1 /* Crypto.m */ = {isa = PBXFileReference; fileEncoding = 4; lastKnownFileType = sourcecode.c.objc; path = Crypto.m; sourceTree = "<group>"; };
		568ADE0219594F2600BD6BA1 /* DateTimeUtil.h */ = {isa = PBXFileReference; fileEncoding = 4; lastKnownFileType = sourcecode.c.h; path = DateTimeUtil.h; sourceTree = "<group>"; };
		568ADE0319594F2600BD6BA1 /* DateTimeUtil.m */ = {isa = PBXFileReference; fileEncoding = 4; lastKnownFileType = sourcecode.c.objc; path = DateTimeUtil.m; sourceTree = "<group>"; };
		568ADE0619594F2600BD6BA1 /* HashUtil.h */ = {isa = PBXFileReference; fileEncoding = 4; lastKnownFileType = sourcecode.c.h; path = HashUtil.h; sourceTree = "<group>"; };
		568ADE0719594F2600BD6BA1 /* HashUtil.m */ = {isa = PBXFileReference; fileEncoding = 4; lastKnownFileType = sourcecode.c.objc; path = HashUtil.m; sourceTree = "<group>"; };
		568ADE0819594F2600BD6BA1 /* ImgUtil.h */ = {isa = PBXFileReference; fileEncoding = 4; lastKnownFileType = sourcecode.c.h; path = ImgUtil.h; sourceTree = "<group>"; };
		568ADE0919594F2600BD6BA1 /* ImgUtil.m */ = {isa = PBXFileReference; fileEncoding = 4; lastKnownFileType = sourcecode.c.objc; path = ImgUtil.m; sourceTree = "<group>"; };
		568ADE0A19594F2600BD6BA1 /* NSData+Base64.h */ = {isa = PBXFileReference; fileEncoding = 4; lastKnownFileType = sourcecode.c.h; path = "NSData+Base64.h"; sourceTree = "<group>"; };
		568ADE0B19594F2600BD6BA1 /* NSData+Base64.m */ = {isa = PBXFileReference; fileEncoding = 4; lastKnownFileType = sourcecode.c.objc; path = "NSData+Base64.m"; sourceTree = "<group>"; };
		568ADE0C19594F2600BD6BA1 /* NSData+CommonCrypto.h */ = {isa = PBXFileReference; fileEncoding = 4; lastKnownFileType = sourcecode.c.h; path = "NSData+CommonCrypto.h"; sourceTree = "<group>"; };
		568ADE0D19594F2600BD6BA1 /* NSData+CommonCrypto.m */ = {isa = PBXFileReference; fileEncoding = 4; lastKnownFileType = sourcecode.c.objc; path = "NSData+CommonCrypto.m"; sourceTree = "<group>"; };
		568ADE0E19594F2600BD6BA1 /* NSData+NSData_Conversion.h */ = {isa = PBXFileReference; fileEncoding = 4; lastKnownFileType = sourcecode.c.h; path = "NSData+NSData_Conversion.h"; sourceTree = "<group>"; };
		568ADE0F19594F2600BD6BA1 /* NSData+NSData_Conversion.m */ = {isa = PBXFileReference; fileEncoding = 4; lastKnownFileType = sourcecode.c.objc; path = "NSData+NSData_Conversion.m"; sourceTree = "<group>"; };
		568ADE1019594F2600BD6BA1 /* NSString+Base64.h */ = {isa = PBXFileReference; fileEncoding = 4; lastKnownFileType = sourcecode.c.h; path = "NSString+Base64.h"; sourceTree = "<group>"; };
		568ADE1119594F2600BD6BA1 /* NSString+Base64.m */ = {isa = PBXFileReference; fileEncoding = 4; lastKnownFileType = sourcecode.c.objc; path = "NSString+Base64.m"; sourceTree = "<group>"; };
		568ADE1619594F2600BD6BA1 /* UIImage-Extensions.h */ = {isa = PBXFileReference; fileEncoding = 4; lastKnownFileType = sourcecode.c.h; path = "UIImage-Extensions.h"; sourceTree = "<group>"; };
		568ADE1719594F2600BD6BA1 /* UIImage-Extensions.m */ = {isa = PBXFileReference; fileEncoding = 4; lastKnownFileType = sourcecode.c.objc; path = "UIImage-Extensions.m"; sourceTree = "<group>"; };
		568ADE1819594F2600BD6BA1 /* Validator.h */ = {isa = PBXFileReference; fileEncoding = 4; lastKnownFileType = sourcecode.c.h; path = Validator.h; sourceTree = "<group>"; };
		568ADE1919594F2600BD6BA1 /* Validator.m */ = {isa = PBXFileReference; fileEncoding = 4; lastKnownFileType = sourcecode.c.objc; path = Validator.m; sourceTree = "<group>"; };
		568ADE1F19594F2600BD6BA1 /* InfoBase.h */ = {isa = PBXFileReference; fileEncoding = 4; lastKnownFileType = sourcecode.c.h; path = InfoBase.h; sourceTree = "<group>"; };
		568ADE2819594F2600BD6BA1 /* InfoInputText.h */ = {isa = PBXFileReference; fileEncoding = 4; lastKnownFileType = sourcecode.c.h; path = InfoInputText.h; sourceTree = "<group>"; };
		568ADE2919594F2600BD6BA1 /* InfoInputText.m */ = {isa = PBXFileReference; fileEncoding = 4; lastKnownFileType = sourcecode.c.objc; path = InfoInputText.m; sourceTree = "<group>"; };
		568ADE2C19594F2600BD6BA1 /* InfoTextH.h */ = {isa = PBXFileReference; fileEncoding = 4; lastKnownFileType = sourcecode.c.h; path = InfoTextH.h; sourceTree = "<group>"; };
		568ADE2D19594F2600BD6BA1 /* InfoTextH.m */ = {isa = PBXFileReference; fileEncoding = 4; lastKnownFileType = sourcecode.c.objc; path = InfoTextH.m; sourceTree = "<group>"; };
		568ADE2E19594F2600BD6BA1 /* InfoTextV.h */ = {isa = PBXFileReference; fileEncoding = 4; lastKnownFileType = sourcecode.c.h; path = InfoTextV.h; sourceTree = "<group>"; };
		568ADE2F19594F2600BD6BA1 /* InfoTextV.m */ = {isa = PBXFileReference; fileEncoding = 4; lastKnownFileType = sourcecode.c.objc; path = InfoTextV.m; sourceTree = "<group>"; };
		568ADE3A19594F2700BD6BA1 /* SuperUIButton.h */ = {isa = PBXFileReference; fileEncoding = 4; lastKnownFileType = sourcecode.c.h; path = SuperUIButton.h; sourceTree = "<group>"; };
		568ADE3B19594F2700BD6BA1 /* SuperUIButton.m */ = {isa = PBXFileReference; fileEncoding = 4; lastKnownFileType = sourcecode.c.objc; path = SuperUIButton.m; sourceTree = "<group>"; };
		568ADE3C19594F2700BD6BA1 /* SuperUIImageView.h */ = {isa = PBXFileReference; fileEncoding = 4; lastKnownFileType = sourcecode.c.h; path = SuperUIImageView.h; sourceTree = "<group>"; };
		568ADE3D19594F2700BD6BA1 /* SuperUIImageView.m */ = {isa = PBXFileReference; fileEncoding = 4; lastKnownFileType = sourcecode.c.objc; path = SuperUIImageView.m; sourceTree = "<group>"; };
		568ADE3E19594F2700BD6BA1 /* SuperUILabel.h */ = {isa = PBXFileReference; fileEncoding = 4; lastKnownFileType = sourcecode.c.h; path = SuperUILabel.h; sourceTree = "<group>"; };
		568ADE3F19594F2700BD6BA1 /* SuperUILabel.m */ = {isa = PBXFileReference; fileEncoding = 4; lastKnownFileType = sourcecode.c.objc; path = SuperUILabel.m; sourceTree = "<group>"; };
		568ADE4019594F2700BD6BA1 /* SuperUITextField.h */ = {isa = PBXFileReference; fileEncoding = 4; lastKnownFileType = sourcecode.c.h; path = SuperUITextField.h; sourceTree = "<group>"; };
		568ADE4119594F2700BD6BA1 /* SuperUITextField.m */ = {isa = PBXFileReference; fileEncoding = 4; lastKnownFileType = sourcecode.c.objc; path = SuperUITextField.m; sourceTree = "<group>"; };
		568ADE4219594F2700BD6BA1 /* UIImage+HaxegonMasking.h */ = {isa = PBXFileReference; fileEncoding = 4; lastKnownFileType = sourcecode.c.h; path = "UIImage+HaxegonMasking.h"; sourceTree = "<group>"; };
		568ADE4319594F2700BD6BA1 /* UIImage+HaxegonMasking.m */ = {isa = PBXFileReference; fileEncoding = 4; lastKnownFileType = sourcecode.c.objc; path = "UIImage+HaxegonMasking.m"; sourceTree = "<group>"; };
		568ADE4419594F2700BD6BA1 /* UIView+FrameUtil.h */ = {isa = PBXFileReference; fileEncoding = 4; lastKnownFileType = sourcecode.c.h; path = "UIView+FrameUtil.h"; sourceTree = "<group>"; };
		568ADE4519594F2700BD6BA1 /* UIView+FrameUtil.m */ = {isa = PBXFileReference; fileEncoding = 4; lastKnownFileType = sourcecode.c.objc; path = "UIView+FrameUtil.m"; sourceTree = "<group>"; };
		568ADE4719594F2700BD6BA1 /* BaseXMLHandler.h */ = {isa = PBXFileReference; fileEncoding = 4; lastKnownFileType = sourcecode.c.h; path = BaseXMLHandler.h; sourceTree = "<group>"; };
		568ADE4819594F2700BD6BA1 /* BaseXMLHandler.m */ = {isa = PBXFileReference; fileEncoding = 4; lastKnownFileType = sourcecode.c.objc; path = BaseXMLHandler.m; sourceTree = "<group>"; };
		568ADE4919594F2700BD6BA1 /* SimpleXMLHandler.h */ = {isa = PBXFileReference; fileEncoding = 4; lastKnownFileType = sourcecode.c.h; path = SimpleXMLHandler.h; sourceTree = "<group>"; };
		568ADE4A19594F2700BD6BA1 /* SimpleXMLHandler.m */ = {isa = PBXFileReference; fileEncoding = 4; lastKnownFileType = sourcecode.c.objc; path = SimpleXMLHandler.m; sourceTree = "<group>"; };
		56A317E01803DC6B00E45773 /* AppBuilder.app */ = {isa = PBXFileReference; explicitFileType = wrapper.application; includeInIndex = 0; path = AppBuilder.app; sourceTree = BUILT_PRODUCTS_DIR; };
		56A317E31803DC6B00E45773 /* Foundation.framework */ = {isa = PBXFileReference; lastKnownFileType = wrapper.framework; name = Foundation.framework; path = System/Library/Frameworks/Foundation.framework; sourceTree = SDKROOT; };
		56A317E51803DC6B00E45773 /* CoreGraphics.framework */ = {isa = PBXFileReference; lastKnownFileType = wrapper.framework; name = CoreGraphics.framework; path = System/Library/Frameworks/CoreGraphics.framework; sourceTree = SDKROOT; };
		56A317E71803DC6B00E45773 /* UIKit.framework */ = {isa = PBXFileReference; lastKnownFileType = wrapper.framework; name = UIKit.framework; path = System/Library/Frameworks/UIKit.framework; sourceTree = SDKROOT; };
		56A317EB1803DC6B00E45773 /* AppBuilder-Info.plist */ = {isa = PBXFileReference; lastKnownFileType = text.plist.xml; path = "AppBuilder-Info.plist"; sourceTree = "<group>"; };
		56A317ED1803DC6B00E45773 /* en */ = {isa = PBXFileReference; lastKnownFileType = text.plist.strings; name = en; path = en.lproj/InfoPlist.strings; sourceTree = "<group>"; };
		56A317EF1803DC6B00E45773 /* main.m */ = {isa = PBXFileReference; lastKnownFileType = sourcecode.c.objc; path = main.m; sourceTree = "<group>"; };
		56A317F11803DC6B00E45773 /* AppBuilder-Prefix.pch */ = {isa = PBXFileReference; lastKnownFileType = sourcecode.c.h; path = "AppBuilder-Prefix.pch"; sourceTree = "<group>"; };
		56A317F21803DC6B00E45773 /* AppDelegate.h */ = {isa = PBXFileReference; lastKnownFileType = sourcecode.c.h; path = AppDelegate.h; sourceTree = "<group>"; };
		56A317F31803DC6B00E45773 /* AppDelegate.m */ = {isa = PBXFileReference; lastKnownFileType = sourcecode.c.objc; path = AppDelegate.m; sourceTree = "<group>"; };
		56A317F61803DC6B00E45773 /* Base */ = {isa = PBXFileReference; lastKnownFileType = file.storyboard; name = Base; path = Base.lproj/Main_iPhone.storyboard; sourceTree = "<group>"; };
		56A317FB1803DC6B00E45773 /* ViewController.h */ = {isa = PBXFileReference; lastKnownFileType = sourcecode.c.h; path = ViewController.h; sourceTree = "<group>"; };
		56A317FC1803DC6B00E45773 /* ViewController.m */ = {isa = PBXFileReference; lastKnownFileType = sourcecode.c.objc; path = ViewController.m; sourceTree = "<group>"; };
		56A317FE1803DC6C00E45773 /* Images.xcassets */ = {isa = PBXFileReference; lastKnownFileType = folder.assetcatalog; path = Images.xcassets; sourceTree = "<group>"; };
		56A318051803DC6C00E45773 /* XCTest.framework */ = {isa = PBXFileReference; lastKnownFileType = wrapper.framework; name = XCTest.framework; path = Library/Frameworks/XCTest.framework; sourceTree = DEVELOPER_DIR; };
		56C45D531A03DC70007E5E98 /* InfoVerticalScrollView.h */ = {isa = PBXFileReference; fileEncoding = 4; lastKnownFileType = sourcecode.c.h; path = InfoVerticalScrollView.h; sourceTree = "<group>"; };
		56C45D541A03DC70007E5E98 /* InfoVerticalScrollView.m */ = {isa = PBXFileReference; fileEncoding = 4; lastKnownFileType = sourcecode.c.objc; path = InfoVerticalScrollView.m; sourceTree = "<group>"; };
		56C45D561A03DE71007E5E98 /* AppBuilder.h */ = {isa = PBXFileReference; lastKnownFileType = sourcecode.c.h; path = AppBuilder.h; sourceTree = "<group>"; };
		E0D554C57BB24A2C91472B69 /* libPods.a */ = {isa = PBXFileReference; explicitFileType = archive.ar; includeInIndex = 0; path = libPods.a; sourceTree = BUILT_PRODUCTS_DIR; };
/* End PBXFileReference section */

/* Begin PBXFrameworksBuildPhase section */
		56A317DD1803DC6B00E45773 /* Frameworks */ = {
			isa = PBXFrameworksBuildPhase;
			buildActionMask = 2147483647;
			files = (
				56A317E61803DC6B00E45773 /* CoreGraphics.framework in Frameworks */,
				56A317E81803DC6B00E45773 /* UIKit.framework in Frameworks */,
				56A317E41803DC6B00E45773 /* Foundation.framework in Frameworks */,
			);
			runOnlyForDeploymentPostprocessing = 0;
		};
/* End PBXFrameworksBuildPhase section */

/* Begin PBXGroup section */
		5626CC37180FDD96009049E1 /* ShowCase */ = {
			isa = PBXGroup;
			children = (
				5626CC38180FDDC9009049E1 /* InfoDemoViewController.h */,
				5626CC39180FDDC9009049E1 /* InfoDemoViewController.m */,
			);
			path = ShowCase;
			sourceTree = "<group>";
		};
		568ADDDA19594F2600BD6BA1 /* Lib */ = {
			isa = PBXGroup;
			children = (
				568ADDDB19594F2600BD6BA1 /* Res */,
				568ADDF919594F2600BD6BA1 /* Util */,
				568ADE1A19594F2600BD6BA1 /* Widget */,
				568ADE4619594F2700BD6BA1 /* Xml */,
				56C45D561A03DE71007E5E98 /* AppBuilder.h */,
			);
			path = Lib;
			sourceTree = "<group>";
		};
		568ADDDB19594F2600BD6BA1 /* Res */ = {
			isa = PBXGroup;
			children = (
			);
			path = Res;
			sourceTree = "<group>";
		};
		568ADDF919594F2600BD6BA1 /* Util */ = {
			isa = PBXGroup;
			children = (
				568ADDFA19594F2600BD6BA1 /* App.h */,
				568ADDFB19594F2600BD6BA1 /* App.m */,
				568ADDFC19594F2600BD6BA1 /* CalUtil.h */,
				568ADDFD19594F2600BD6BA1 /* CalUtil.m */,
				568ADDFE19594F2600BD6BA1 /* Crypto.h */,
				568ADDFF19594F2600BD6BA1 /* Crypto.m */,
				568ADE0219594F2600BD6BA1 /* DateTimeUtil.h */,
				568ADE0319594F2600BD6BA1 /* DateTimeUtil.m */,
				568ADE0619594F2600BD6BA1 /* HashUtil.h */,
				568ADE0719594F2600BD6BA1 /* HashUtil.m */,
				568ADE0819594F2600BD6BA1 /* ImgUtil.h */,
				568ADE0919594F2600BD6BA1 /* ImgUtil.m */,
				568ADE0A19594F2600BD6BA1 /* NSData+Base64.h */,
				568ADE0B19594F2600BD6BA1 /* NSData+Base64.m */,
				568ADE0C19594F2600BD6BA1 /* NSData+CommonCrypto.h */,
				568ADE0D19594F2600BD6BA1 /* NSData+CommonCrypto.m */,
				568ADE0E19594F2600BD6BA1 /* NSData+NSData_Conversion.h */,
				568ADE0F19594F2600BD6BA1 /* NSData+NSData_Conversion.m */,
				568ADE1019594F2600BD6BA1 /* NSString+Base64.h */,
				568ADE1119594F2600BD6BA1 /* NSString+Base64.m */,
				568ADE1619594F2600BD6BA1 /* UIImage-Extensions.h */,
				568ADE1719594F2600BD6BA1 /* UIImage-Extensions.m */,
				568ADE1819594F2600BD6BA1 /* Validator.h */,
				568ADE1919594F2600BD6BA1 /* Validator.m */,
			);
			path = Util;
			sourceTree = "<group>";
		};
		568ADE1A19594F2600BD6BA1 /* Widget */ = {
			isa = PBXGroup;
			children = (
				568ADE1B19594F2600BD6BA1 /* Info */,
				568ADE3A19594F2700BD6BA1 /* SuperUIButton.h */,
				568ADE3B19594F2700BD6BA1 /* SuperUIButton.m */,
				568ADE3C19594F2700BD6BA1 /* SuperUIImageView.h */,
				568ADE3D19594F2700BD6BA1 /* SuperUIImageView.m */,
				568ADE3E19594F2700BD6BA1 /* SuperUILabel.h */,
				568ADE3F19594F2700BD6BA1 /* SuperUILabel.m */,
				568ADE4019594F2700BD6BA1 /* SuperUITextField.h */,
				568ADE4119594F2700BD6BA1 /* SuperUITextField.m */,
				568ADE4219594F2700BD6BA1 /* UIImage+HaxegonMasking.h */,
				568ADE4319594F2700BD6BA1 /* UIImage+HaxegonMasking.m */,
				568ADE4419594F2700BD6BA1 /* UIView+FrameUtil.h */,
				568ADE4519594F2700BD6BA1 /* UIView+FrameUtil.m */,
			);
			path = Widget;
			sourceTree = "<group>";
		};
		568ADE1B19594F2600BD6BA1 /* Info */ = {
			isa = PBXGroup;
			children = (
				568ADE1F19594F2600BD6BA1 /* InfoBase.h */,
				568ADE2819594F2600BD6BA1 /* InfoInputText.h */,
				568ADE2919594F2600BD6BA1 /* InfoInputText.m */,
				568ADE2C19594F2600BD6BA1 /* InfoTextH.h */,
				568ADE2D19594F2600BD6BA1 /* InfoTextH.m */,
				568ADE2E19594F2600BD6BA1 /* InfoTextV.h */,
				568ADE2F19594F2600BD6BA1 /* InfoTextV.m */,
				56C45D531A03DC70007E5E98 /* InfoVerticalScrollView.h */,
				56C45D541A03DC70007E5E98 /* InfoVerticalScrollView.m */,
			);
			path = Info;
			sourceTree = "<group>";
		};
		568ADE4619594F2700BD6BA1 /* Xml */ = {
			isa = PBXGroup;
			children = (
				568ADE4719594F2700BD6BA1 /* BaseXMLHandler.h */,
				568ADE4819594F2700BD6BA1 /* BaseXMLHandler.m */,
				568ADE4919594F2700BD6BA1 /* SimpleXMLHandler.h */,
				568ADE4A19594F2700BD6BA1 /* SimpleXMLHandler.m */,
			);
			path = Xml;
			sourceTree = "<group>";
		};
		56A317D71803DC6B00E45773 = {
			isa = PBXGroup;
			children = (
				568ADDDA19594F2600BD6BA1 /* Lib */,
				5626CC37180FDD96009049E1 /* ShowCase */,
				56A317E91803DC6B00E45773 /* AppBuilder */,
				56A317E21803DC6B00E45773 /* Frameworks */,
				56A317E11803DC6B00E45773 /* Products */,
			);
			sourceTree = "<group>";
		};
		56A317E11803DC6B00E45773 /* Products */ = {
			isa = PBXGroup;
			children = (
				56A317E01803DC6B00E45773 /* AppBuilder.app */,
			);
			name = Products;
			sourceTree = "<group>";
		};
		56A317E21803DC6B00E45773 /* Frameworks */ = {
			isa = PBXGroup;
			children = (
				56A317E31803DC6B00E45773 /* Foundation.framework */,
				56A317E51803DC6B00E45773 /* CoreGraphics.framework */,
				56A317E71803DC6B00E45773 /* UIKit.framework */,
				56A318051803DC6C00E45773 /* XCTest.framework */,
				E0D554C57BB24A2C91472B69 /* libPods.a */,
			);
			name = Frameworks;
			sourceTree = "<group>";
		};
		56A317E91803DC6B00E45773 /* AppBuilder */ = {
			isa = PBXGroup;
			children = (
				56A317F21803DC6B00E45773 /* AppDelegate.h */,
				56A317F31803DC6B00E45773 /* AppDelegate.m */,
				56A317F51803DC6B00E45773 /* Main_iPhone.storyboard */,
				56A317FB1803DC6B00E45773 /* ViewController.h */,
				56A317FC1803DC6B00E45773 /* ViewController.m */,
				56A317FE1803DC6C00E45773 /* Images.xcassets */,
				56A317EA1803DC6B00E45773 /* Supporting Files */,
			);
			path = AppBuilder;
			sourceTree = "<group>";
		};
		56A317EA1803DC6B00E45773 /* Supporting Files */ = {
			isa = PBXGroup;
			children = (
				56A317EB1803DC6B00E45773 /* AppBuilder-Info.plist */,
				56A317EC1803DC6B00E45773 /* InfoPlist.strings */,
				56A317EF1803DC6B00E45773 /* main.m */,
				56A317F11803DC6B00E45773 /* AppBuilder-Prefix.pch */,
			);
			name = "Supporting Files";
			sourceTree = "<group>";
		};
/* End PBXGroup section */

/* Begin PBXNativeTarget section */
		56A317DF1803DC6B00E45773 /* AppBuilder */ = {
			isa = PBXNativeTarget;
			buildConfigurationList = 56A318151803DC6C00E45773 /* Build configuration list for PBXNativeTarget "AppBuilder" */;
			buildPhases = (
				56A317DC1803DC6B00E45773 /* Sources */,
				56A317DD1803DC6B00E45773 /* Frameworks */,
				56A317DE1803DC6B00E45773 /* Resources */,
			);
			buildRules = (
			);
			dependencies = (
			);
			name = AppBuilder;
			productName = AppBuilder;
			productReference = 56A317E01803DC6B00E45773 /* AppBuilder.app */;
			productType = "com.apple.product-type.application";
		};
/* End PBXNativeTarget section */

/* Begin PBXProject section */
		56A317D81803DC6B00E45773 /* Project object */ = {
			isa = PBXProject;
			attributes = {
				LastUpgradeCheck = 0500;
				ORGANIZATIONNAME = RoynalNext;
				TargetAttributes = {
					56A317DF1803DC6B00E45773 = {
						DevelopmentTeam = 5CKT25NDAT;
						SystemCapabilities = {
							com.apple.InterAppAudio = {
								enabled = 0;
							};
						};
					};
				};
			};
			buildConfigurationList = 56A317DB1803DC6B00E45773 /* Build configuration list for PBXProject "AppBuilder" */;
			compatibilityVersion = "Xcode 3.2";
			developmentRegion = English;
			hasScannedForEncodings = 0;
			knownRegions = (
				en,
				Base,
			);
			mainGroup = 56A317D71803DC6B00E45773;
			productRefGroup = 56A317E11803DC6B00E45773 /* Products */;
			projectDirPath = "";
			projectRoot = "";
			targets = (
				56A317DF1803DC6B00E45773 /* AppBuilder */,
			);
		};
/* End PBXProject section */

/* Begin PBXResourcesBuildPhase section */
		56A317DE1803DC6B00E45773 /* Resources */ = {
			isa = PBXResourcesBuildPhase;
			buildActionMask = 2147483647;
			files = (
				56A317FF1803DC6C00E45773 /* Images.xcassets in Resources */,
				56A317F71803DC6B00E45773 /* Main_iPhone.storyboard in Resources */,
				56A317EE1803DC6B00E45773 /* InfoPlist.strings in Resources */,
			);
			runOnlyForDeploymentPostprocessing = 0;
		};
/* End PBXResourcesBuildPhase section */

/* Begin PBXSourcesBuildPhase section */
		56A317DC1803DC6B00E45773 /* Sources */ = {
			isa = PBXSourcesBuildPhase;
			buildActionMask = 2147483647;
			files = (
				568ADE6A19594F2700BD6BA1 /* Crypto.m in Sources */,
				568ADE6819594F2700BD6BA1 /* App.m in Sources */,
				568ADE8119594F2700BD6BA1 /* InfoTextV.m in Sources */,
				56A317FD1803DC6B00E45773 /* ViewController.m in Sources */,
				568ADE6F19594F2700BD6BA1 /* ImgUtil.m in Sources */,
				568ADE7319594F2700BD6BA1 /* NSString+Base64.m in Sources */,
				568ADE8019594F2700BD6BA1 /* InfoTextH.m in Sources */,
				568ADE8C19594F2700BD6BA1 /* UIView+FrameUtil.m in Sources */,
				568ADE6C19594F2700BD6BA1 /* DateTimeUtil.m in Sources */,
				568ADE8B19594F2700BD6BA1 /* UIImage+HaxegonMasking.m in Sources */,
				568ADE7619594F2700BD6BA1 /* UIImage-Extensions.m in Sources */,
				568ADE7119594F2700BD6BA1 /* NSData+CommonCrypto.m in Sources */,
				568ADE6E19594F2700BD6BA1 /* HashUtil.m in Sources */,
				568ADE6919594F2700BD6BA1 /* CalUtil.m in Sources */,
				568ADE8E19594F2700BD6BA1 /* SimpleXMLHandler.m in Sources */,
				568ADE8819594F2700BD6BA1 /* SuperUIImageView.m in Sources */,
				568ADE7719594F2700BD6BA1 /* Validator.m in Sources */,
				568ADE8919594F2700BD6BA1 /* SuperUILabel.m in Sources */,
				56A317F41803DC6B00E45773 /* AppDelegate.m in Sources */,
				568ADE7219594F2700BD6BA1 /* NSData+NSData_Conversion.m in Sources */,
				5626CC3A180FDDC9009049E1 /* InfoDemoViewController.m in Sources */,
				568ADE8719594F2700BD6BA1 /* SuperUIButton.m in Sources */,
				568ADE7E19594F2700BD6BA1 /* InfoInputText.m in Sources */,
				568ADE8D19594F2700BD6BA1 /* BaseXMLHandler.m in Sources */,
				568ADE7019594F2700BD6BA1 /* NSData+Base64.m in Sources */,
				56A317F01803DC6B00E45773 /* main.m in Sources */,
				56C45D551A03DC70007E5E98 /* InfoVerticalScrollView.m in Sources */,
				568ADE8A19594F2700BD6BA1 /* SuperUITextField.m in Sources */,
			);
			runOnlyForDeploymentPostprocessing = 0;
		};
/* End PBXSourcesBuildPhase section */

/* Begin PBXVariantGroup section */
		56A317EC1803DC6B00E45773 /* InfoPlist.strings */ = {
			isa = PBXVariantGroup;
			children = (
				56A317ED1803DC6B00E45773 /* en */,
			);
			name = InfoPlist.strings;
			sourceTree = "<group>";
		};
		56A317F51803DC6B00E45773 /* Main_iPhone.storyboard */ = {
			isa = PBXVariantGroup;
			children = (
				56A317F61803DC6B00E45773 /* Base */,
			);
			name = Main_iPhone.storyboard;
			sourceTree = "<group>";
		};
/* End PBXVariantGroup section */

/* Begin XCBuildConfiguration section */
		56A318131803DC6C00E45773 /* Debug */ = {
			isa = XCBuildConfiguration;
			buildSettings = {
				ALWAYS_SEARCH_USER_PATHS = NO;
				ARCHS = "$(ARCHS_STANDARD_INCLUDING_64_BIT)";
				CLANG_CXX_LANGUAGE_STANDARD = "gnu++0x";
				CLANG_CXX_LIBRARY = "libc++";
				CLANG_ENABLE_MODULES = YES;
				CLANG_ENABLE_OBJC_ARC = YES;
				CLANG_WARN_BOOL_CONVERSION = YES;
				CLANG_WARN_CONSTANT_CONVERSION = YES;
				CLANG_WARN_DIRECT_OBJC_ISA_USAGE = YES_ERROR;
				CLANG_WARN_EMPTY_BODY = YES;
				CLANG_WARN_ENUM_CONVERSION = YES;
				CLANG_WARN_INT_CONVERSION = YES;
				CLANG_WARN_OBJC_ROOT_CLASS = YES_ERROR;
				CLANG_WARN__DUPLICATE_METHOD_MATCH = YES;
				"CODE_SIGN_IDENTITY[sdk=iphoneos*]" = "iPhone Developer";
				COPY_PHASE_STRIP = NO;
				GCC_C_LANGUAGE_STANDARD = gnu99;
				GCC_DYNAMIC_NO_PIC = NO;
				GCC_OPTIMIZATION_LEVEL = 0;
				GCC_PREPROCESSOR_DEFINITIONS = (
					"DEBUG=1",
					"$(inherited)",
				);
				GCC_SYMBOLS_PRIVATE_EXTERN = NO;
				GCC_WARN_64_TO_32_BIT_CONVERSION = YES;
				GCC_WARN_ABOUT_RETURN_TYPE = YES_ERROR;
				GCC_WARN_UNDECLARED_SELECTOR = YES;
				GCC_WARN_UNINITIALIZED_AUTOS = YES;
				GCC_WARN_UNUSED_FUNCTION = YES;
				GCC_WARN_UNUSED_VARIABLE = YES;
				IPHONEOS_DEPLOYMENT_TARGET = 7.0;
				ONLY_ACTIVE_ARCH = YES;
				SDKROOT = iphoneos;
				TARGETED_DEVICE_FAMILY = "1,2";
			};
			name = Debug;
		};
		56A318141803DC6C00E45773 /* Release */ = {
			isa = XCBuildConfiguration;
			buildSettings = {
				ALWAYS_SEARCH_USER_PATHS = NO;
				ARCHS = "$(ARCHS_STANDARD_INCLUDING_64_BIT)";
				CLANG_CXX_LANGUAGE_STANDARD = "gnu++0x";
				CLANG_CXX_LIBRARY = "libc++";
				CLANG_ENABLE_MODULES = YES;
				CLANG_ENABLE_OBJC_ARC = YES;
				CLANG_WARN_BOOL_CONVERSION = YES;
				CLANG_WARN_CONSTANT_CONVERSION = YES;
				CLANG_WARN_DIRECT_OBJC_ISA_USAGE = YES_ERROR;
				CLANG_WARN_EMPTY_BODY = YES;
				CLANG_WARN_ENUM_CONVERSION = YES;
				CLANG_WARN_INT_CONVERSION = YES;
				CLANG_WARN_OBJC_ROOT_CLASS = YES_ERROR;
				CLANG_WARN__DUPLICATE_METHOD_MATCH = YES;
				"CODE_SIGN_IDENTITY[sdk=iphoneos*]" = "iPhone Developer";
				COPY_PHASE_STRIP = YES;
				ENABLE_NS_ASSERTIONS = NO;
				GCC_C_LANGUAGE_STANDARD = gnu99;
				GCC_WARN_64_TO_32_BIT_CONVERSION = YES;
				GCC_WARN_ABOUT_RETURN_TYPE = YES_ERROR;
				GCC_WARN_UNDECLARED_SELECTOR = YES;
				GCC_WARN_UNINITIALIZED_AUTOS = YES;
				GCC_WARN_UNUSED_FUNCTION = YES;
				GCC_WARN_UNUSED_VARIABLE = YES;
				IPHONEOS_DEPLOYMENT_TARGET = 7.0;
				SDKROOT = iphoneos;
				TARGETED_DEVICE_FAMILY = "1,2";
				VALIDATE_PRODUCT = YES;
			};
			name = Release;
		};
		56A318161803DC6C00E45773 /* Debug */ = {
			isa = XCBuildConfiguration;
			buildSettings = {
				ASSETCATALOG_COMPILER_APPICON_NAME = AppIcon;
				ASSETCATALOG_COMPILER_LAUNCHIMAGE_NAME = LaunchImage;
				CODE_SIGN_IDENTITY = "iPhone Developer";
				"CODE_SIGN_IDENTITY[sdk=iphoneos*]" = "iPhone Developer";
				GCC_PRECOMPILE_PREFIX_HEADER = YES;
				GCC_PREFIX_HEADER = "AppBuilder/AppBuilder-Prefix.pch";
				INFOPLIST_FILE = "AppBuilder/AppBuilder-Info.plist";
				IPHONEOS_DEPLOYMENT_TARGET = 6.0;
				PRODUCT_NAME = "$(TARGET_NAME)";
				PROVISIONING_PROFILE = "";
				TARGETED_DEVICE_FAMILY = 1;
				WRAPPER_EXTENSION = app;
			};
			name = Debug;
		};
		56A318171803DC6C00E45773 /* Release */ = {
			isa = XCBuildConfiguration;
			buildSettings = {
				ASSETCATALOG_COMPILER_APPICON_NAME = AppIcon;
				ASSETCATALOG_COMPILER_LAUNCHIMAGE_NAME = LaunchImage;
				CODE_SIGN_IDENTITY = "iPhone Developer";
				"CODE_SIGN_IDENTITY[sdk=iphoneos*]" = "iPhone Developer";
				GCC_PRECOMPILE_PREFIX_HEADER = YES;
				GCC_PREFIX_HEADER = "AppBuilder/AppBuilder-Prefix.pch";
				INFOPLIST_FILE = "AppBuilder/AppBuilder-Info.plist";
				IPHONEOS_DEPLOYMENT_TARGET = 6.0;
				PRODUCT_NAME = "$(TARGET_NAME)";
				PROVISIONING_PROFILE = "";
				TARGETED_DEVICE_FAMILY = 1;
				WRAPPER_EXTENSION = app;
			};
			name = Release;
		};
/* End XCBuildConfiguration section */

/* Begin XCConfigurationList section */
		56A317DB1803DC6B00E45773 /* Build configuration list for PBXProject "AppBuilder" */ = {
			isa = XCConfigurationList;
			buildConfigurations = (
				56A318131803DC6C00E45773 /* Debug */,
				56A318141803DC6C00E45773 /* Release */,
			);
			defaultConfigurationIsVisible = 0;
			defaultConfigurationName = Release;
		};
		56A318151803DC6C00E45773 /* Build configuration list for PBXNativeTarget "AppBuilder" */ = {
			isa = XCConfigurationList;
			buildConfigurations = (
				56A318161803DC6C00E45773 /* Debug */,
				56A318171803DC6C00E45773 /* Release */,
			);
			defaultConfigurationIsVisible = 0;
			defaultConfigurationName = Release;
		};
/* End XCConfigurationList section */
	};
	rootObject = 56A317D81803DC6B00E45773 /* Project object */;
}
